{
  "name": "tests",
  "version": "1.0.0",
  "lockfileVersion": 2,
  "requires": true,
  "packages": {
    "": {
      "name": "tests",
      "version": "1.0.0",
      "license": "ISC",
      "dependencies": {
        "@rbxts/services": "^1.5.1",
        "@rbxts/testez": "^0.3.1-ts.7",
        "@rbxts/tina": "file:../builds/rbxts-tina-1.0.0.tgz"
      },
      "devDependencies": {
        "@rbxts/compiler-types": "^2.0.4-types.0",
        "@rbxts/types": "^1.0.646"
      }
    },
    "node_modules/@rbxts/compiler-types": {
      "version": "2.0.4-types.0",
      "resolved": "https://registry.npmjs.org/@rbxts/compiler-types/-/compiler-types-2.0.4-types.0.tgz",
      "integrity": "sha512-kRdXA7RzIUnLrQhjvVLQ//9Nwfndlui43Frqg3k8xrPVz+QJNIqzwx6LHLSwq4c1OBZpYcGgUWIQJkuKxwlskA==",
      "dev": true
    },
    "node_modules/@rbxts/services": {
      "version": "1.5.1",
      "resolved": "https://registry.npmjs.org/@rbxts/services/-/services-1.5.1.tgz",
      "integrity": "sha512-SRtfIjga0K4YYSXRpK+eH3kcTq7ZXo9OHOt0jszaOOoEOIJloMGlyuRPqesPHyhveh2AMXAZr3TYbRMSD+u+kQ=="
    },
    "node_modules/@rbxts/testez": {
      "version": "0.3.1-ts.7",
      "resolved": "https://registry.npmjs.org/@rbxts/testez/-/testez-0.3.1-ts.7.tgz",
      "integrity": "sha512-DkIlRFdMODHjJPEYJT/cPYv2ZQzSqAufF4XAsqrx7zFg8OVAkSHY5aGChGoPNrZo0PM4zz9bw46ZIVqLfcM05Q=="
    },
    "node_modules/@rbxts/tina": {
      "version": "1.0.0",
      "resolved": "file:../builds/rbxts-tina-1.0.0.tgz",
      "integrity": "sha512-2xVcrmyRept64TzrtJ/A+duLWeDddBHX4DLmbsUxB9zZ5XdpMeKqYTSxtyHJo0tkHp3qUausoxT845g8Y5hc4Q==",
      "license": "ISC"
    },
    "node_modules/@rbxts/types": {
      "version": "1.0.646",
      "resolved": "https://registry.npmjs.org/@rbxts/types/-/types-1.0.646.tgz",
      "integrity": "sha512-/B8eQ2od1aMW/za/c39iYEpL6aMvAD8C30GqjjAXoPBiACzlM5bUtU/NzRnUVaHgUSiTPW5++4r6Ns5uQu9KyQ==",
      "dev": true
    }
  },
  "dependencies": {
    "@rbxts/compiler-types": {
      "version": "2.0.4-types.0",
      "resolved": "https://registry.npmjs.org/@rbxts/compiler-types/-/compiler-types-2.0.4-types.0.tgz",
      "integrity": "sha512-kRdXA7RzIUnLrQhjvVLQ//9Nwfndlui43Frqg3k8xrPVz+QJNIqzwx6LHLSwq4c1OBZpYcGgUWIQJkuKxwlskA==",
      "dev": true
    },
    "@rbxts/services": {
      "version": "1.5.1",
      "resolved": "https://registry.npmjs.org/@rbxts/services/-/services-1.5.1.tgz",
      "integrity": "sha512-SRtfIjga0K4YYSXRpK+eH3kcTq7ZXo9OHOt0jszaOOoEOIJloMGlyuRPqesPHyhveh2AMXAZr3TYbRMSD+u+kQ=="
    },
    "@rbxts/testez": {
      "version": "0.3.1-ts.7",
      "resolved": "https://registry.npmjs.org/@rbxts/testez/-/testez-0.3.1-ts.7.tgz",
      "integrity": "sha512-DkIlRFdMODHjJPEYJT/cPYv2ZQzSqAufF4XAsqrx7zFg8OVAkSHY5aGChGoPNrZo0PM4zz9bw46ZIVqLfcM05Q=="
    },
    "@rbxts/tina": {
      "version": "file:../builds/rbxts-tina-1.0.0.tgz",
      "integrity": "sha512-2xVcrmyRept64TzrtJ/A+duLWeDddBHX4DLmbsUxB9zZ5XdpMeKqYTSxtyHJo0tkHp3qUausoxT845g8Y5hc4Q=="
    },
    "@rbxts/types": {
      "version": "1.0.646",
      "resolved": "https://registry.npmjs.org/@rbxts/types/-/types-1.0.646.tgz",
      "integrity": "sha512-/B8eQ2od1aMW/za/c39iYEpL6aMvAD8C30GqjjAXoPBiACzlM5bUtU/NzRnUVaHgUSiTPW5++4r6Ns5uQu9KyQ==",
      "dev": true
    }
  }
}
